
Microsoft Visual Studio Solution File, Format Version 12.00
# Visual Studio Version 17
VisualStudioVersion = 17.3.32825.248
MinimumVisualStudioVersion = 10.0.40219.1
Project("{9A19103F-16F7-4668-BE54-9A1E7A4F7556}") = "PassingArgumentsToMethod", "PassingArgumentsToMethod\PassingArgumentsToMethod.csproj", "{B4F13ADE-C134-4EF0-9B63-8D4F6FD3F548}"
EndProject
Project("{9A19103F-16F7-4668-BE54-9A1E7A4F7556}") = "Constructors", "Constructors\Constructors.csproj", "{C20E768E-E228-45F7-A4C6-A572AA0D8909}"
EndProject
Project("{FAE04EC0-301F-11D3-BF4B-00C04F79EFBC}") = "PartialClasses", "PartialClasses\PartialClasses.csproj", "{4C0DBE30-9732-40D3-9565-2B8826744FF5}"
EndProject
Global
	GlobalSection(SolutionConfigurationPlatforms) = preSolution
		Debug|Any CPU = Debug|Any CPU
		Release|Any CPU = Release|Any CPU
	EndGlobalSection
	GlobalSection(ProjectConfigurationPlatforms) = postSolution
		{B4F13ADE-C134-4EF0-9B63-8D4F6FD3F548}.Debug|Any CPU.ActiveCfg = Debug|Any CPU
		{B4F13ADE-C134-4EF0-9B63-8D4F6FD3F548}.Debug|Any CPU.Build.0 = Debug|Any CPU
		{B4F13ADE-C134-4EF0-9B63-8D4F6FD3F548}.Release|Any CPU.ActiveCfg = Release|Any CPU
		{B4F13ADE-C134-4EF0-9B63-8D4F6FD3F548}.Release|Any CPU.Build.0 = Release|Any CPU
		{C20E768E-E228-45F7-A4C6-A572AA0D8909}.Debug|Any CPU.ActiveCfg = Debug|Any CPU
		{C20E768E-E228-45F7-A4C6-A572AA0D8909}.Debug|Any CPU.Build.0 = Debug|Any CPU
		{C20E768E-E228-45F7-A4C6-A572AA0D8909}.Release|Any CPU.ActiveCfg = Release|Any CPU
		{C20E768E-E228-45F7-A4C6-A572AA0D8909}.Release|Any CPU.Build.0 = Release|Any CPU
		{4C0DBE30-9732-40D3-9565-2B8826744FF5}.Debug|Any CPU.ActiveCfg = Debug|Any CPU
		{4C0DBE30-9732-40D3-9565-2B8826744FF5}.Debug|Any CPU.Build.0 = Debug|Any CPU
		{4C0DBE30-9732-40D3-9565-2B8826744FF5}.Release|Any CPU.ActiveCfg = Release|Any CPU
		{4C0DBE30-9732-40D3-9565-2B8826744FF5}.Release|Any CPU.Build.0 = Release|Any CPU
	EndGlobalSection
	GlobalSection(SolutionProperties) = preSolution
		HideSolutionNode = FALSE
	EndGlobalSection
	GlobalSection(ExtensibilityGlobals) = postSolution
		SolutionGuid = {6721844A-34A4-4342-B8EF-2F9AD6DF07B2}
	EndGlobalSection
EndGlobal
