
Microsoft Visual Studio Solution File, Format Version 12.00
# Visual Studio Version 17
VisualStudioVersion = 17.3.32825.248
MinimumVisualStudioVersion = 10.0.40219.1
Project("{FAE04EC0-301F-11D3-BF4B-00C04F79EFBC}") = "PassingArgumentsToMethod", "PassingArgumentsToMethod\PassingArgumentsToMethod.csproj", "{34E512BA-7130-43C4-9E5F-C21AC0B1F98D}"
EndProject
Global
	GlobalSection(SolutionConfigurationPlatforms) = preSolution
		Debug|Any CPU = Debug|Any CPU
		Release|Any CPU = Release|Any CPU
	EndGlobalSection
	GlobalSection(ProjectConfigurationPlatforms) = postSolution
		{34E512BA-7130-43C4-9E5F-C21AC0B1F98D}.Debug|Any CPU.ActiveCfg = Debug|Any CPU
		{34E512BA-7130-43C4-9E5F-C21AC0B1F98D}.Debug|Any CPU.Build.0 = Debug|Any CPU
		{34E512BA-7130-43C4-9E5F-C21AC0B1F98D}.Release|Any CPU.ActiveCfg = Release|Any CPU
		{34E512BA-7130-43C4-9E5F-C21AC0B1F98D}.Release|Any CPU.Build.0 = Release|Any CPU
	EndGlobalSection
	GlobalSection(SolutionProperties) = preSolution
		HideSolutionNode = FALSE
	EndGlobalSection
	GlobalSection(ExtensibilityGlobals) = postSolution
		SolutionGuid = {439D26BB-1CCC-405C-8CEC-85EA865A3D9A}
	EndGlobalSection
EndGlobal
