
Microsoft Visual Studio Solution File, Format Version 12.00
# Visual Studio Version 17
VisualStudioVersion = 17.3.32825.248
MinimumVisualStudioVersion = 10.0.40219.1
Project("{FAE04EC0-301F-11D3-BF4B-00C04F79EFBC}") = "ValueVsReferenceTypes", "ValueVsReferenceTypes\ValueVsReferenceTypes.csproj", "{37FF11F5-C09B-405D-8BE8-3B02436CAC4B}"
EndProject
Global
	GlobalSection(SolutionConfigurationPlatforms) = preSolution
		Debug|Any CPU = Debug|Any CPU
		Release|Any CPU = Release|Any CPU
	EndGlobalSection
	GlobalSection(ProjectConfigurationPlatforms) = postSolution
		{37FF11F5-C09B-405D-8BE8-3B02436CAC4B}.Debug|Any CPU.ActiveCfg = Debug|Any CPU
		{37FF11F5-C09B-405D-8BE8-3B02436CAC4B}.Debug|Any CPU.Build.0 = Debug|Any CPU
		{37FF11F5-C09B-405D-8BE8-3B02436CAC4B}.Release|Any CPU.ActiveCfg = Release|Any CPU
		{37FF11F5-C09B-405D-8BE8-3B02436CAC4B}.Release|Any CPU.Build.0 = Release|Any CPU
	EndGlobalSection
	GlobalSection(SolutionProperties) = preSolution
		HideSolutionNode = FALSE
	EndGlobalSection
	GlobalSection(ExtensibilityGlobals) = postSolution
		SolutionGuid = {59DE7EC6-4E31-42D8-8DED-6E1C378A58F5}
	EndGlobalSection
EndGlobal
